# THIS IS AN AUTOGENERATED FILE. DO NOT EDIT THIS FILE DIRECTLY.
# yarn lockfile v1


w3gjs@^2.2.0:
  version "2.2.0"
  resolved "https://registry.yarnpkg.com/w3gjs/-/w3gjs-2.2.0.tgz#de9e03b37ec2a2970d305ae4bc7b4b0f99fd335a"
  integrity sha512-dngnK4pTLWgrNKGqHtOe6ajOPwMbz3pxsreOMrBvukPn9J7PgKS7u/4hU32TOIuYjhUDsDrlH/U8gN9xUkN5Gg==
